
Microsoft Visual Studio Solution File, Format Version 12.00
# Visual Studio Version 17
VisualStudioVersion = 17.0.32112.339
MinimumVisualStudioVersion = 10.0.40219.1
Project("{9A19103F-16F7-4668-BE54-9A1E7A4F7556}") = "WebSocketTestt", "WebSocketTest\WebSocketTestt.csproj", "{076A7E54-8CAB-4783-AA50-5927E81BC490}"
EndProject
Project("{9A19103F-16F7-4668-BE54-9A1E7A4F7556}") = "WebSignalRServer", "WebSignalRServer\WebSignalRServer.csproj", "{74347FBF-BF2C-4558-9944-A4C5CD1C7719}"
EndProject
Global
	GlobalSection(SolutionConfigurationPlatforms) = preSolution
		Debug|Any CPU = Debug|Any CPU
		Release|Any CPU = Release|Any CPU
	EndGlobalSection
	GlobalSection(ProjectConfigurationPlatforms) = postSolution
		{076A7E54-8CAB-4783-AA50-5927E81BC490}.Debug|Any CPU.ActiveCfg = Debug|Any CPU
		{076A7E54-8CAB-4783-AA50-5927E81BC490}.Debug|Any CPU.Build.0 = Debug|Any CPU
		{076A7E54-8CAB-4783-AA50-5927E81BC490}.Release|Any CPU.ActiveCfg = Release|Any CPU
		{076A7E54-8CAB-4783-AA50-5927E81BC490}.Release|Any CPU.Build.0 = Release|Any CPU
		{74347FBF-BF2C-4558-9944-A4C5CD1C7719}.Debug|Any CPU.ActiveCfg = Debug|Any CPU
		{74347FBF-BF2C-4558-9944-A4C5CD1C7719}.Debug|Any CPU.Build.0 = Debug|Any CPU
		{74347FBF-BF2C-4558-9944-A4C5CD1C7719}.Release|Any CPU.ActiveCfg = Release|Any CPU
		{74347FBF-BF2C-4558-9944-A4C5CD1C7719}.Release|Any CPU.Build.0 = Release|Any CPU
	EndGlobalSection
	GlobalSection(SolutionProperties) = preSolution
		HideSolutionNode = FALSE
	EndGlobalSection
	GlobalSection(ExtensibilityGlobals) = postSolution
		SolutionGuid = {12ECAD46-DAE4-40AD-9B8E-92B1C85FE79F}
	EndGlobalSection
EndGlobal
